
Microsoft Visual Studio Solution File, Format Version 12.00
# Visual Studio 15
VisualStudioVersion = 15.0.27703.2026
MinimumVisualStudioVersion = 10.0.40219.1
Project("{8BC9CEB8-8B4A-11D0-8D11-00A0C91BC942}") = "threadpool", "threadpool\threadpool.vcxproj", "{D19B5BA9-46EF-47AE-91C5-F857D96FF47C}"
EndProject
Global
	GlobalSection(SolutionConfigurationPlatforms) = preSolution
		Debug|x64 = Debug|x64
		Debug|x86 = Debug|x86
		Release|x64 = Release|x64
		Release|x86 = Release|x86
	EndGlobalSection
	GlobalSection(ProjectConfigurationPlatforms) = postSolution
		{D19B5BA9-46EF-47AE-91C5-F857D96FF47C}.Debug|x64.ActiveCfg = Debug|x64
		{D19B5BA9-46EF-47AE-91C5-F857D96FF47C}.Debug|x64.Build.0 = Debug|x64
		{D19B5BA9-46EF-47AE-91C5-F857D96FF47C}.Debug|x86.ActiveCfg = Debug|Win32
		{D19B5BA9-46EF-47AE-91C5-F857D96FF47C}.Debug|x86.Build.0 = Debug|Win32
		{D19B5BA9-46EF-47AE-91C5-F857D96FF47C}.Release|x64.ActiveCfg = Release|x64
		{D19B5BA9-46EF-47AE-91C5-F857D96FF47C}.Release|x64.Build.0 = Release|x64
		{D19B5BA9-46EF-47AE-91C5-F857D96FF47C}.Release|x86.ActiveCfg = Release|Win32
		{D19B5BA9-46EF-47AE-91C5-F857D96FF47C}.Release|x86.Build.0 = Release|Win32
	EndGlobalSection
	GlobalSection(SolutionProperties) = preSolution
		HideSolutionNode = FALSE
	EndGlobalSection
	GlobalSection(ExtensibilityGlobals) = postSolution
		SolutionGuid = {DC49C101-ABFF-4018-BDBA-D9593F5B094C}
	EndGlobalSection
EndGlobal
